
Microsoft Visual Studio Solution File, Format Version 11.00
# Visual Studio 2010
Project("{FAE04EC0-301F-11D3-BF4B-00C04F79EFBC}") = "HTC Home", "HTC Home\HTC Home.csproj", "{2F0B9819-C8DC-4A81-B832-904E7B1C1E9D}"
EndProject
Project("{FAE04EC0-301F-11D3-BF4B-00C04F79EFBC}") = "MSN", "MSN\MSN.csproj", "{A39C31A3-83DD-4786-992C-E10CBDC72DB3}"
EndProject
Project("{FAE04EC0-301F-11D3-BF4B-00C04F79EFBC}") = "HTCHome.Core", "HTCHome.Core\HTCHome.Core.csproj", "{C7212EDF-9E02-4589-BE18-95C21E79D490}"
EndProject
Project("{FAE04EC0-301F-11D3-BF4B-00C04F79EFBC}") = "WeatherClockWidget", "WeatherClockWidget\WeatherClockWidget.csproj", "{3163B11F-FC2A-4061-853B-521E68177811}"
EndProject
Project("{2150E333-8FDC-42A3-9474-1A3956D46DE8}") = "WeatherProviders", "WeatherProviders", "{BA013FDC-7C6A-480F-8C76-D832B65F0BB3}"
EndProject
Project("{2150E333-8FDC-42A3-9474-1A3956D46DE8}") = "Widgets", "Widgets", "{45CE3169-7874-47B8-A622-13FEDF73FD9D}"
EndProject
Project("{FAE04EC0-301F-11D3-BF4B-00C04F79EFBC}") = "NewsWidget", "NewsWidget\NewsWidget.csproj", "{A089FE17-04B0-447B-828A-5A916FB54207}"
EndProject
Project("{FAE04EC0-301F-11D3-BF4B-00C04F79EFBC}") = "CalendarWidget", "CalendarWidget\CalendarWidget.csproj", "{78742353-BC99-4300-AEE5-63C247EF1DF8}"
EndProject
Project("{FAE04EC0-301F-11D3-BF4B-00C04F79EFBC}") = "BookmarksWidget", "Bookmarks\BookmarksWidget.csproj", "{01A15BF8-A69D-46A4-9B8F-7195C2A2386A}"
EndProject
Project("{FAE04EC0-301F-11D3-BF4B-00C04F79EFBC}") = "Updater", "Updater\Updater.csproj", "{FFAD8ABD-63E4-45B8-BB9B-B1566CD36D8D}"
EndProject
Project("{FAE04EC0-301F-11D3-BF4B-00C04F79EFBC}") = "MusicWidget", "MediaPlayerWidget\MusicWidget.csproj", "{7234A395-82EE-4C70-BF75-0EBCBA12FB8D}"
EndProject
Project("{FAE04EC0-301F-11D3-BF4B-00C04F79EFBC}") = "WeatherChannel", "WeatherChannel\WeatherChannel.csproj", "{A10D81CD-84F4-47ED-9753-C6653E77D437}"
EndProject
Project("{2150E333-8FDC-42A3-9474-1A3956D46DE8}") = "Controllers", "Controllers", "{8A5C1216-5920-45C2-AB83-98725CF229AC}"
EndProject
Project("{FAE04EC0-301F-11D3-BF4B-00C04F79EFBC}") = "WMP", "WMP\WMP.csproj", "{DA74D12C-916C-43BD-A69F-F8AF19EC794C}"
EndProject
Project("{FAE04EC0-301F-11D3-BF4B-00C04F79EFBC}") = "Winamp", "Winamp\Winamp.csproj", "{533D5A7B-2EAB-4B2B-8603-6EF8D92511CF}"
EndProject
Project("{FAE04EC0-301F-11D3-BF4B-00C04F79EFBC}") = "AIMP", "AIMP\AIMP.csproj", "{E6BA5367-25A1-467D-BC22-50DE47C10A81}"
EndProject
Project("{FAE04EC0-301F-11D3-BF4B-00C04F79EFBC}") = "FreeMeteo", "FreeMeteo\FreeMeteo.csproj", "{9AB1A017-3AF6-40AC-98E6-F76BA350968D}"
EndProject
Project("{FAE04EC0-301F-11D3-BF4B-00C04F79EFBC}") = "Foreca", "Foreca\Foreca.csproj", "{185DD3A2-3FBC-4C45-9A96-5D0A33B0A980}"
EndProject
Project("{FAE04EC0-301F-11D3-BF4B-00C04F79EFBC}") = "ClockWidget", "ClockWidget\ClockWidget.csproj", "{A881CC63-D4F7-4213-9871-A5A5147D1E05}"
EndProject
Project("{FAE04EC0-301F-11D3-BF4B-00C04F79EFBC}") = "PhotoWidget", "PhotoWidget\PhotoWidget.csproj", "{BEB6D272-4214-441B-95A1-40FEBFE64D33}"
EndProject
Global
	GlobalSection(TeamFoundationVersionControl) = preSolution
		SccNumberOfProjects = 18
		SccEnterpriseProvider = {4CA58AB2-18FA-4F8D-95D4-32DDF27D184C}
		SccTeamFoundationServer = https://tfs.codeplex.com/tfs/tfs12
		SccLocalPath0 = .
		SccProjectUniqueName1 = Bookmarks\\BookmarksWidget.csproj
		SccProjectTopLevelParentUniqueName1 = HTC\u0020Home.sln
		SccProjectName1 = Bookmarks
		SccLocalPath1 = Bookmarks
		SccProjectUniqueName2 = CalendarWidget\\CalendarWidget.csproj
		SccProjectTopLevelParentUniqueName2 = HTC\u0020Home.sln
		SccProjectName2 = CalendarWidget
		SccLocalPath2 = CalendarWidget
		SccProjectUniqueName3 = HTC\u0020Home\\HTC\u0020Home.csproj
		SccProjectName3 = HTC\u0020Home
		SccLocalPath3 = HTC\u0020Home
		SccProjectUniqueName4 = HTCHome.Core\\HTCHome.Core.csproj
		SccProjectName4 = HTCHome.Core
		SccLocalPath4 = HTCHome.Core
		SccProjectUniqueName5 = MSN\\MSN.csproj
		SccProjectTopLevelParentUniqueName5 = HTC\u0020Home.sln
		SccProjectName5 = MSN
		SccLocalPath5 = MSN
		SccProjectUniqueName6 = NewsWidget\\NewsWidget.csproj
		SccProjectTopLevelParentUniqueName6 = HTC\u0020Home.sln
		SccProjectName6 = NewsWidget
		SccLocalPath6 = NewsWidget
		SccProjectUniqueName7 = Updater\\Updater.csproj
		SccProjectName7 = Updater
		SccLocalPath7 = Updater
		SccProjectUniqueName8 = WeatherChannel\\WeatherChannel.csproj
		SccProjectTopLevelParentUniqueName8 = HTC\u0020Home.sln
		SccProjectName8 = WeatherChannel
		SccLocalPath8 = WeatherChannel
		SccProjectUniqueName9 = WeatherClockWidget\\WeatherClockWidget.csproj
		SccProjectTopLevelParentUniqueName9 = HTC\u0020Home.sln
		SccProjectName9 = WeatherClockWidget
		SccLocalPath9 = WeatherClockWidget
		SccProjectUniqueName10 = WMP\\WMP.csproj
		SccProjectTopLevelParentUniqueName10 = HTC\u0020Home.sln
		SccProjectName10 = WMP
		SccLocalPath10 = WMP
		SccProjectUniqueName11 = Winamp\\Winamp.csproj
		SccProjectTopLevelParentUniqueName11 = HTC\u0020Home.sln
		SccProjectName11 = Winamp
		SccLocalPath11 = Winamp
		SccProjectUniqueName12 = AIMP\\AIMP.csproj
		SccProjectTopLevelParentUniqueName12 = HTC\u0020Home.sln
		SccProjectName12 = AIMP
		SccLocalPath12 = AIMP
		SccProjectUniqueName13 = MediaPlayerWidget\\MusicWidget.csproj
		SccProjectTopLevelParentUniqueName13 = HTC\u0020Home.sln
		SccProjectName13 = MediaPlayerWidget
		SccLocalPath13 = MediaPlayerWidget
		SccProjectUniqueName14 = FreeMeteo\\FreeMeteo.csproj
		SccProjectTopLevelParentUniqueName14 = HTC\u0020Home.sln
		SccProjectName14 = FreeMeteo
		SccLocalPath14 = FreeMeteo
		SccProjectUniqueName15 = Foreca\\Foreca.csproj
		SccProjectTopLevelParentUniqueName15 = HTC\u0020Home.sln
		SccProjectName15 = Foreca
		SccLocalPath15 = Foreca
		SccProjectUniqueName16 = ClockWidget\\ClockWidget.csproj
		SccProjectTopLevelParentUniqueName16 = HTC\u0020Home.sln
		SccProjectName16 = ClockWidget
		SccLocalPath16 = ClockWidget
		SccProjectUniqueName17 = PhotoWidget\\PhotoWidget.csproj
		SccProjectTopLevelParentUniqueName17 = HTC\u0020Home.sln
		SccProjectName17 = PhotoWidget
		SccLocalPath17 = PhotoWidget
	EndGlobalSection
	GlobalSection(SolutionConfigurationPlatforms) = preSolution
		Debug|Any CPU = Debug|Any CPU
		Debug|Mixed Platforms = Debug|Mixed Platforms
		Debug|x64 = Debug|x64
		Debug|x86 = Debug|x86
		Release|Any CPU = Release|Any CPU
		Release|Mixed Platforms = Release|Mixed Platforms
		Release|x64 = Release|x64
		Release|x86 = Release|x86
	EndGlobalSection
	GlobalSection(ProjectConfigurationPlatforms) = postSolution
		{2F0B9819-C8DC-4A81-B832-904E7B1C1E9D}.Debug|Any CPU.ActiveCfg = Debug|Any CPU
		{2F0B9819-C8DC-4A81-B832-904E7B1C1E9D}.Debug|Any CPU.Build.0 = Debug|Any CPU
		{2F0B9819-C8DC-4A81-B832-904E7B1C1E9D}.Debug|Mixed Platforms.ActiveCfg = Debug|x86
		{2F0B9819-C8DC-4A81-B832-904E7B1C1E9D}.Debug|Mixed Platforms.Build.0 = Debug|x86
		{2F0B9819-C8DC-4A81-B832-904E7B1C1E9D}.Debug|x64.ActiveCfg = Debug|x64
		{2F0B9819-C8DC-4A81-B832-904E7B1C1E9D}.Debug|x64.Build.0 = Debug|x64
		{2F0B9819-C8DC-4A81-B832-904E7B1C1E9D}.Debug|x86.ActiveCfg = Debug|x86
		{2F0B9819-C8DC-4A81-B832-904E7B1C1E9D}.Debug|x86.Build.0 = Debug|x86
		{2F0B9819-C8DC-4A81-B832-904E7B1C1E9D}.Release|Any CPU.ActiveCfg = Release|Any CPU
		{2F0B9819-C8DC-4A81-B832-904E7B1C1E9D}.Release|Any CPU.Build.0 = Release|Any CPU
		{2F0B9819-C8DC-4A81-B832-904E7B1C1E9D}.Release|Mixed Platforms.ActiveCfg = Release|Any CPU
		{2F0B9819-C8DC-4A81-B832-904E7B1C1E9D}.Release|Mixed Platforms.Build.0 = Release|Any CPU
		{2F0B9819-C8DC-4A81-B832-904E7B1C1E9D}.Release|x64.ActiveCfg = Release|x64
		{2F0B9819-C8DC-4A81-B832-904E7B1C1E9D}.Release|x64.Build.0 = Release|x64
		{2F0B9819-C8DC-4A81-B832-904E7B1C1E9D}.Release|x86.ActiveCfg = Release|x86
		{2F0B9819-C8DC-4A81-B832-904E7B1C1E9D}.Release|x86.Build.0 = Release|x86
		{A39C31A3-83DD-4786-992C-E10CBDC72DB3}.Debug|Any CPU.ActiveCfg = Debug|Any CPU
		{A39C31A3-83DD-4786-992C-E10CBDC72DB3}.Debug|Any CPU.Build.0 = Debug|Any CPU
		{A39C31A3-83DD-4786-992C-E10CBDC72DB3}.Debug|Mixed Platforms.ActiveCfg = Debug|Any CPU
		{A39C31A3-83DD-4786-992C-E10CBDC72DB3}.Debug|Mixed Platforms.Build.0 = Debug|Any CPU
		{A39C31A3-83DD-4786-992C-E10CBDC72DB3}.Debug|x64.ActiveCfg = Debug|Any CPU
		{A39C31A3-83DD-4786-992C-E10CBDC72DB3}.Debug|x86.ActiveCfg = Debug|Any CPU
		{A39C31A3-83DD-4786-992C-E10CBDC72DB3}.Debug|x86.Build.0 = Debug|Any CPU
		{A39C31A3-83DD-4786-992C-E10CBDC72DB3}.Release|Any CPU.ActiveCfg = Release|Any CPU
		{A39C31A3-83DD-4786-992C-E10CBDC72DB3}.Release|Any CPU.Build.0 = Release|Any CPU
		{A39C31A3-83DD-4786-992C-E10CBDC72DB3}.Release|Mixed Platforms.ActiveCfg = Release|Any CPU
		{A39C31A3-83DD-4786-992C-E10CBDC72DB3}.Release|Mixed Platforms.Build.0 = Release|Any CPU
		{A39C31A3-83DD-4786-992C-E10CBDC72DB3}.Release|x64.ActiveCfg = Release|Any CPU
		{A39C31A3-83DD-4786-992C-E10CBDC72DB3}.Release|x86.ActiveCfg = Release|Any CPU
		{C7212EDF-9E02-4589-BE18-95C21E79D490}.Debug|Any CPU.ActiveCfg = Debug|Any CPU
		{C7212EDF-9E02-4589-BE18-95C21E79D490}.Debug|Any CPU.Build.0 = Debug|Any CPU
		{C7212EDF-9E02-4589-BE18-95C21E79D490}.Debug|Mixed Platforms.ActiveCfg = Debug|Any CPU
		{C7212EDF-9E02-4589-BE18-95C21E79D490}.Debug|Mixed Platforms.Build.0 = Debug|Any CPU
		{C7212EDF-9E02-4589-BE18-95C21E79D490}.Debug|x64.ActiveCfg = Debug|Any CPU
		{C7212EDF-9E02-4589-BE18-95C21E79D490}.Debug|x86.ActiveCfg = Debug|Any CPU
		{C7212EDF-9E02-4589-BE18-95C21E79D490}.Debug|x86.Build.0 = Debug|Any CPU
		{C7212EDF-9E02-4589-BE18-95C21E79D490}.Release|Any CPU.ActiveCfg = Release|Any CPU
		{C7212EDF-9E02-4589-BE18-95C21E79D490}.Release|Any CPU.Build.0 = Release|Any CPU
		{C7212EDF-9E02-4589-BE18-95C21E79D490}.Release|Mixed Platforms.ActiveCfg = Release|Any CPU
		{C7212EDF-9E02-4589-BE18-95C21E79D490}.Release|Mixed Platforms.Build.0 = Release|Any CPU
		{C7212EDF-9E02-4589-BE18-95C21E79D490}.Release|x64.ActiveCfg = Release|Any CPU
		{C7212EDF-9E02-4589-BE18-95C21E79D490}.Release|x86.ActiveCfg = Release|Any CPU
		{C7212EDF-9E02-4589-BE18-95C21E79D490}.Release|x86.Build.0 = Release|Any CPU
		{3163B11F-FC2A-4061-853B-521E68177811}.Debug|Any CPU.ActiveCfg = Debug|Any CPU
		{3163B11F-FC2A-4061-853B-521E68177811}.Debug|Any CPU.Build.0 = Debug|Any CPU
		{3163B11F-FC2A-4061-853B-521E68177811}.Debug|Mixed Platforms.ActiveCfg = Debug|Any CPU
		{3163B11F-FC2A-4061-853B-521E68177811}.Debug|Mixed Platforms.Build.0 = Debug|Any CPU
		{3163B11F-FC2A-4061-853B-521E68177811}.Debug|x64.ActiveCfg = Debug|Any CPU
		{3163B11F-FC2A-4061-853B-521E68177811}.Debug|x86.ActiveCfg = Debug|Any CPU
		{3163B11F-FC2A-4061-853B-521E68177811}.Debug|x86.Build.0 = Debug|Any CPU
		{3163B11F-FC2A-4061-853B-521E68177811}.Release|Any CPU.ActiveCfg = Release|Any CPU
		{3163B11F-FC2A-4061-853B-521E68177811}.Release|Any CPU.Build.0 = Release|Any CPU
		{3163B11F-FC2A-4061-853B-521E68177811}.Release|Mixed Platforms.ActiveCfg = Release|Any CPU
		{3163B11F-FC2A-4061-853B-521E68177811}.Release|Mixed Platforms.Build.0 = Release|Any CPU
		{3163B11F-FC2A-4061-853B-521E68177811}.Release|x64.ActiveCfg = Release|Any CPU
		{3163B11F-FC2A-4061-853B-521E68177811}.Release|x86.ActiveCfg = Release|Any CPU
		{3163B11F-FC2A-4061-853B-521E68177811}.Release|x86.Build.0 = Release|Any CPU
		{A089FE17-04B0-447B-828A-5A916FB54207}.Debug|Any CPU.ActiveCfg = Debug|Any CPU
		{A089FE17-04B0-447B-828A-5A916FB54207}.Debug|Any CPU.Build.0 = Debug|Any CPU
		{A089FE17-04B0-447B-828A-5A916FB54207}.Debug|Mixed Platforms.ActiveCfg = Debug|Any CPU
		{A089FE17-04B0-447B-828A-5A916FB54207}.Debug|x64.ActiveCfg = Debug|Any CPU
		{A089FE17-04B0-447B-828A-5A916FB54207}.Debug|x86.ActiveCfg = Debug|Any CPU
		{A089FE17-04B0-447B-828A-5A916FB54207}.Release|Any CPU.ActiveCfg = Release|Any CPU
		{A089FE17-04B0-447B-828A-5A916FB54207}.Release|Mixed Platforms.ActiveCfg = Release|Any CPU
		{A089FE17-04B0-447B-828A-5A916FB54207}.Release|x64.ActiveCfg = Release|Any CPU
		{A089FE17-04B0-447B-828A-5A916FB54207}.Release|x86.ActiveCfg = Release|Any CPU
		{78742353-BC99-4300-AEE5-63C247EF1DF8}.Debug|Any CPU.ActiveCfg = Debug|Any CPU
		{78742353-BC99-4300-AEE5-63C247EF1DF8}.Debug|Mixed Platforms.ActiveCfg = Debug|Any CPU
		{78742353-BC99-4300-AEE5-63C247EF1DF8}.Debug|x64.ActiveCfg = Debug|Any CPU
		{78742353-BC99-4300-AEE5-63C247EF1DF8}.Debug|x86.ActiveCfg = Debug|Any CPU
		{78742353-BC99-4300-AEE5-63C247EF1DF8}.Release|Any CPU.ActiveCfg = Release|Any CPU
		{78742353-BC99-4300-AEE5-63C247EF1DF8}.Release|Mixed Platforms.ActiveCfg = Release|Any CPU
		{78742353-BC99-4300-AEE5-63C247EF1DF8}.Release|x64.ActiveCfg = Release|Any CPU
		{78742353-BC99-4300-AEE5-63C247EF1DF8}.Release|x86.ActiveCfg = Release|Any CPU
		{01A15BF8-A69D-46A4-9B8F-7195C2A2386A}.Debug|Any CPU.ActiveCfg = Debug|Any CPU
		{01A15BF8-A69D-46A4-9B8F-7195C2A2386A}.Debug|Mixed Platforms.ActiveCfg = Debug|Any CPU
		{01A15BF8-A69D-46A4-9B8F-7195C2A2386A}.Debug|x64.ActiveCfg = Debug|Any CPU
		{01A15BF8-A69D-46A4-9B8F-7195C2A2386A}.Debug|x86.ActiveCfg = Debug|Any CPU
		{01A15BF8-A69D-46A4-9B8F-7195C2A2386A}.Release|Any CPU.ActiveCfg = Release|Any CPU
		{01A15BF8-A69D-46A4-9B8F-7195C2A2386A}.Release|Mixed Platforms.ActiveCfg = Release|Any CPU
		{01A15BF8-A69D-46A4-9B8F-7195C2A2386A}.Release|x64.ActiveCfg = Release|Any CPU
		{01A15BF8-A69D-46A4-9B8F-7195C2A2386A}.Release|x86.ActiveCfg = Release|Any CPU
		{FFAD8ABD-63E4-45B8-BB9B-B1566CD36D8D}.Debug|Any CPU.ActiveCfg = Debug|Any CPU
		{FFAD8ABD-63E4-45B8-BB9B-B1566CD36D8D}.Debug|Mixed Platforms.ActiveCfg = Debug|x86
		{FFAD8ABD-63E4-45B8-BB9B-B1566CD36D8D}.Debug|x64.ActiveCfg = Debug|Any CPU
		{FFAD8ABD-63E4-45B8-BB9B-B1566CD36D8D}.Debug|x86.ActiveCfg = Debug|Any CPU
		{FFAD8ABD-63E4-45B8-BB9B-B1566CD36D8D}.Debug|x86.Build.0 = Debug|Any CPU
		{FFAD8ABD-63E4-45B8-BB9B-B1566CD36D8D}.Release|Any CPU.ActiveCfg = Release|x86
		{FFAD8ABD-63E4-45B8-BB9B-B1566CD36D8D}.Release|Mixed Platforms.ActiveCfg = Release|Any CPU
		{FFAD8ABD-63E4-45B8-BB9B-B1566CD36D8D}.Release|x64.ActiveCfg = Release|x86
		{FFAD8ABD-63E4-45B8-BB9B-B1566CD36D8D}.Release|x86.ActiveCfg = Release|x86
		{FFAD8ABD-63E4-45B8-BB9B-B1566CD36D8D}.Release|x86.Build.0 = Release|x86
		{7234A395-82EE-4C70-BF75-0EBCBA12FB8D}.Debug|Any CPU.ActiveCfg = Debug|Any CPU
		{7234A395-82EE-4C70-BF75-0EBCBA12FB8D}.Debug|Any CPU.Build.0 = Debug|Any CPU
		{7234A395-82EE-4C70-BF75-0EBCBA12FB8D}.Debug|Mixed Platforms.ActiveCfg = Debug|Any CPU
		{7234A395-82EE-4C70-BF75-0EBCBA12FB8D}.Debug|x64.ActiveCfg = Debug|Any CPU
		{7234A395-82EE-4C70-BF75-0EBCBA12FB8D}.Debug|x86.ActiveCfg = Debug|Any CPU
		{7234A395-82EE-4C70-BF75-0EBCBA12FB8D}.Release|Any CPU.ActiveCfg = Release|Any CPU
		{7234A395-82EE-4C70-BF75-0EBCBA12FB8D}.Release|Any CPU.Build.0 = Release|Any CPU
		{7234A395-82EE-4C70-BF75-0EBCBA12FB8D}.Release|Mixed Platforms.ActiveCfg = Release|Any CPU
		{7234A395-82EE-4C70-BF75-0EBCBA12FB8D}.Release|Mixed Platforms.Build.0 = Release|Any CPU
		{7234A395-82EE-4C70-BF75-0EBCBA12FB8D}.Release|x64.ActiveCfg = Release|Any CPU
		{7234A395-82EE-4C70-BF75-0EBCBA12FB8D}.Release|x86.ActiveCfg = Release|Any CPU
		{A10D81CD-84F4-47ED-9753-C6653E77D437}.Debug|Any CPU.ActiveCfg = Debug|Any CPU
		{A10D81CD-84F4-47ED-9753-C6653E77D437}.Debug|Any CPU.Build.0 = Debug|Any CPU
		{A10D81CD-84F4-47ED-9753-C6653E77D437}.Debug|Mixed Platforms.ActiveCfg = Debug|Any CPU
		{A10D81CD-84F4-47ED-9753-C6653E77D437}.Debug|x64.ActiveCfg = Debug|Any CPU
		{A10D81CD-84F4-47ED-9753-C6653E77D437}.Debug|x86.ActiveCfg = Debug|Any CPU
		{A10D81CD-84F4-47ED-9753-C6653E77D437}.Debug|x86.Build.0 = Debug|Any CPU
		{A10D81CD-84F4-47ED-9753-C6653E77D437}.Release|Any CPU.ActiveCfg = Release|Any CPU
		{A10D81CD-84F4-47ED-9753-C6653E77D437}.Release|Any CPU.Build.0 = Release|Any CPU
		{A10D81CD-84F4-47ED-9753-C6653E77D437}.Release|Mixed Platforms.ActiveCfg = Release|Any CPU
		{A10D81CD-84F4-47ED-9753-C6653E77D437}.Release|x64.ActiveCfg = Release|Any CPU
		{A10D81CD-84F4-47ED-9753-C6653E77D437}.Release|x86.ActiveCfg = Release|Any CPU
		{DA74D12C-916C-43BD-A69F-F8AF19EC794C}.Debug|Any CPU.ActiveCfg = Debug|Any CPU
		{DA74D12C-916C-43BD-A69F-F8AF19EC794C}.Debug|Any CPU.Build.0 = Debug|Any CPU
		{DA74D12C-916C-43BD-A69F-F8AF19EC794C}.Debug|Mixed Platforms.ActiveCfg = Debug|Any CPU
		{DA74D12C-916C-43BD-A69F-F8AF19EC794C}.Debug|x64.ActiveCfg = Debug|Any CPU
		{DA74D12C-916C-43BD-A69F-F8AF19EC794C}.Debug|x86.ActiveCfg = Debug|Any CPU
		{DA74D12C-916C-43BD-A69F-F8AF19EC794C}.Release|Any CPU.ActiveCfg = Release|Any CPU
		{DA74D12C-916C-43BD-A69F-F8AF19EC794C}.Release|Any CPU.Build.0 = Release|Any CPU
		{DA74D12C-916C-43BD-A69F-F8AF19EC794C}.Release|Mixed Platforms.ActiveCfg = Release|Any CPU
		{DA74D12C-916C-43BD-A69F-F8AF19EC794C}.Release|Mixed Platforms.Build.0 = Release|Any CPU
		{DA74D12C-916C-43BD-A69F-F8AF19EC794C}.Release|x64.ActiveCfg = Release|Any CPU
		{DA74D12C-916C-43BD-A69F-F8AF19EC794C}.Release|x86.ActiveCfg = Release|Any CPU
		{533D5A7B-2EAB-4B2B-8603-6EF8D92511CF}.Debug|Any CPU.ActiveCfg = Debug|Any CPU
		{533D5A7B-2EAB-4B2B-8603-6EF8D92511CF}.Debug|Any CPU.Build.0 = Debug|Any CPU
		{533D5A7B-2EAB-4B2B-8603-6EF8D92511CF}.Debug|Mixed Platforms.ActiveCfg = Debug|Any CPU
		{533D5A7B-2EAB-4B2B-8603-6EF8D92511CF}.Debug|x64.ActiveCfg = Debug|Any CPU
		{533D5A7B-2EAB-4B2B-8603-6EF8D92511CF}.Debug|x86.ActiveCfg = Debug|Any CPU
		{533D5A7B-2EAB-4B2B-8603-6EF8D92511CF}.Release|Any CPU.ActiveCfg = Release|Any CPU
		{533D5A7B-2EAB-4B2B-8603-6EF8D92511CF}.Release|Mixed Platforms.ActiveCfg = Release|Any CPU
		{533D5A7B-2EAB-4B2B-8603-6EF8D92511CF}.Release|x64.ActiveCfg = Release|Any CPU
		{533D5A7B-2EAB-4B2B-8603-6EF8D92511CF}.Release|x86.ActiveCfg = Release|Any CPU
		{E6BA5367-25A1-467D-BC22-50DE47C10A81}.Debug|Any CPU.ActiveCfg = Debug|Any CPU
		{E6BA5367-25A1-467D-BC22-50DE47C10A81}.Debug|Any CPU.Build.0 = Debug|Any CPU
		{E6BA5367-25A1-467D-BC22-50DE47C10A81}.Debug|Mixed Platforms.ActiveCfg = Debug|Any CPU
		{E6BA5367-25A1-467D-BC22-50DE47C10A81}.Debug|x64.ActiveCfg = Debug|Any CPU
		{E6BA5367-25A1-467D-BC22-50DE47C10A81}.Debug|x86.ActiveCfg = Debug|Any CPU
		{E6BA5367-25A1-467D-BC22-50DE47C10A81}.Release|Any CPU.ActiveCfg = Release|Any CPU
		{E6BA5367-25A1-467D-BC22-50DE47C10A81}.Release|Mixed Platforms.ActiveCfg = Release|Any CPU
		{E6BA5367-25A1-467D-BC22-50DE47C10A81}.Release|x64.ActiveCfg = Release|Any CPU
		{E6BA5367-25A1-467D-BC22-50DE47C10A81}.Release|x86.ActiveCfg = Release|Any CPU
		{9AB1A017-3AF6-40AC-98E6-F76BA350968D}.Debug|Any CPU.ActiveCfg = Debug|Any CPU
		{9AB1A017-3AF6-40AC-98E6-F76BA350968D}.Debug|Any CPU.Build.0 = Debug|Any CPU
		{9AB1A017-3AF6-40AC-98E6-F76BA350968D}.Debug|Mixed Platforms.ActiveCfg = Debug|Any CPU
		{9AB1A017-3AF6-40AC-98E6-F76BA350968D}.Debug|Mixed Platforms.Build.0 = Debug|Any CPU
		{9AB1A017-3AF6-40AC-98E6-F76BA350968D}.Debug|x64.ActiveCfg = Debug|Any CPU
		{9AB1A017-3AF6-40AC-98E6-F76BA350968D}.Debug|x86.ActiveCfg = Debug|Any CPU
		{9AB1A017-3AF6-40AC-98E6-F76BA350968D}.Release|Any CPU.ActiveCfg = Release|Any CPU
		{9AB1A017-3AF6-40AC-98E6-F76BA350968D}.Release|Any CPU.Build.0 = Release|Any CPU
		{9AB1A017-3AF6-40AC-98E6-F76BA350968D}.Release|Mixed Platforms.ActiveCfg = Release|Any CPU
		{9AB1A017-3AF6-40AC-98E6-F76BA350968D}.Release|Mixed Platforms.Build.0 = Release|Any CPU
		{9AB1A017-3AF6-40AC-98E6-F76BA350968D}.Release|x64.ActiveCfg = Release|Any CPU
		{9AB1A017-3AF6-40AC-98E6-F76BA350968D}.Release|x86.ActiveCfg = Release|Any CPU
		{185DD3A2-3FBC-4C45-9A96-5D0A33B0A980}.Debug|Any CPU.ActiveCfg = Debug|Any CPU
		{185DD3A2-3FBC-4C45-9A96-5D0A33B0A980}.Debug|Any CPU.Build.0 = Debug|Any CPU
		{185DD3A2-3FBC-4C45-9A96-5D0A33B0A980}.Debug|Mixed Platforms.ActiveCfg = Debug|Any CPU
		{185DD3A2-3FBC-4C45-9A96-5D0A33B0A980}.Debug|Mixed Platforms.Build.0 = Debug|Any CPU
		{185DD3A2-3FBC-4C45-9A96-5D0A33B0A980}.Debug|x64.ActiveCfg = Debug|Any CPU
		{185DD3A2-3FBC-4C45-9A96-5D0A33B0A980}.Debug|x86.ActiveCfg = Debug|Any CPU
		{185DD3A2-3FBC-4C45-9A96-5D0A33B0A980}.Release|Any CPU.ActiveCfg = Release|Any CPU
		{185DD3A2-3FBC-4C45-9A96-5D0A33B0A980}.Release|Any CPU.Build.0 = Release|Any CPU
		{185DD3A2-3FBC-4C45-9A96-5D0A33B0A980}.Release|Mixed Platforms.ActiveCfg = Release|Any CPU
		{185DD3A2-3FBC-4C45-9A96-5D0A33B0A980}.Release|Mixed Platforms.Build.0 = Release|Any CPU
		{185DD3A2-3FBC-4C45-9A96-5D0A33B0A980}.Release|x64.ActiveCfg = Release|Any CPU
		{185DD3A2-3FBC-4C45-9A96-5D0A33B0A980}.Release|x86.ActiveCfg = Release|Any CPU
		{A881CC63-D4F7-4213-9871-A5A5147D1E05}.Debug|Any CPU.ActiveCfg = Debug|Any CPU
		{A881CC63-D4F7-4213-9871-A5A5147D1E05}.Debug|Any CPU.Build.0 = Debug|Any CPU
		{A881CC63-D4F7-4213-9871-A5A5147D1E05}.Debug|Mixed Platforms.ActiveCfg = Debug|Any CPU
		{A881CC63-D4F7-4213-9871-A5A5147D1E05}.Debug|Mixed Platforms.Build.0 = Debug|Any CPU
		{A881CC63-D4F7-4213-9871-A5A5147D1E05}.Debug|x64.ActiveCfg = Debug|Any CPU
		{A881CC63-D4F7-4213-9871-A5A5147D1E05}.Debug|x86.ActiveCfg = Debug|Any CPU
		{A881CC63-D4F7-4213-9871-A5A5147D1E05}.Release|Any CPU.ActiveCfg = Release|Any CPU
		{A881CC63-D4F7-4213-9871-A5A5147D1E05}.Release|Any CPU.Build.0 = Release|Any CPU
		{A881CC63-D4F7-4213-9871-A5A5147D1E05}.Release|Mixed Platforms.ActiveCfg = Release|Any CPU
		{A881CC63-D4F7-4213-9871-A5A5147D1E05}.Release|Mixed Platforms.Build.0 = Release|Any CPU
		{A881CC63-D4F7-4213-9871-A5A5147D1E05}.Release|x64.ActiveCfg = Release|Any CPU
		{A881CC63-D4F7-4213-9871-A5A5147D1E05}.Release|x86.ActiveCfg = Release|Any CPU
		{BEB6D272-4214-441B-95A1-40FEBFE64D33}.Debug|Any CPU.ActiveCfg = Debug|Any CPU
		{BEB6D272-4214-441B-95A1-40FEBFE64D33}.Debug|Any CPU.Build.0 = Debug|Any CPU
		{BEB6D272-4214-441B-95A1-40FEBFE64D33}.Debug|Mixed Platforms.ActiveCfg = Debug|Any CPU
		{BEB6D272-4214-441B-95A1-40FEBFE64D33}.Debug|Mixed Platforms.Build.0 = Debug|Any CPU
		{BEB6D272-4214-441B-95A1-40FEBFE64D33}.Debug|x64.ActiveCfg = Debug|Any CPU
		{BEB6D272-4214-441B-95A1-40FEBFE64D33}.Debug|x86.ActiveCfg = Debug|Any CPU
		{BEB6D272-4214-441B-95A1-40FEBFE64D33}.Release|Any CPU.ActiveCfg = Release|Any CPU
		{BEB6D272-4214-441B-95A1-40FEBFE64D33}.Release|Any CPU.Build.0 = Release|Any CPU
		{BEB6D272-4214-441B-95A1-40FEBFE64D33}.Release|Mixed Platforms.ActiveCfg = Release|Any CPU
		{BEB6D272-4214-441B-95A1-40FEBFE64D33}.Release|Mixed Platforms.Build.0 = Release|Any CPU
		{BEB6D272-4214-441B-95A1-40FEBFE64D33}.Release|x64.ActiveCfg = Release|Any CPU
		{BEB6D272-4214-441B-95A1-40FEBFE64D33}.Release|x86.ActiveCfg = Release|Any CPU
	EndGlobalSection
	GlobalSection(SolutionProperties) = preSolution
		HideSolutionNode = FALSE
	EndGlobalSection
	GlobalSection(NestedProjects) = preSolution
		{A39C31A3-83DD-4786-992C-E10CBDC72DB3} = {BA013FDC-7C6A-480F-8C76-D832B65F0BB3}
		{A10D81CD-84F4-47ED-9753-C6653E77D437} = {BA013FDC-7C6A-480F-8C76-D832B65F0BB3}
		{9AB1A017-3AF6-40AC-98E6-F76BA350968D} = {BA013FDC-7C6A-480F-8C76-D832B65F0BB3}
		{185DD3A2-3FBC-4C45-9A96-5D0A33B0A980} = {BA013FDC-7C6A-480F-8C76-D832B65F0BB3}
		{3163B11F-FC2A-4061-853B-521E68177811} = {45CE3169-7874-47B8-A622-13FEDF73FD9D}
		{A089FE17-04B0-447B-828A-5A916FB54207} = {45CE3169-7874-47B8-A622-13FEDF73FD9D}
		{78742353-BC99-4300-AEE5-63C247EF1DF8} = {45CE3169-7874-47B8-A622-13FEDF73FD9D}
		{01A15BF8-A69D-46A4-9B8F-7195C2A2386A} = {45CE3169-7874-47B8-A622-13FEDF73FD9D}
		{7234A395-82EE-4C70-BF75-0EBCBA12FB8D} = {45CE3169-7874-47B8-A622-13FEDF73FD9D}
		{A881CC63-D4F7-4213-9871-A5A5147D1E05} = {45CE3169-7874-47B8-A622-13FEDF73FD9D}
		{BEB6D272-4214-441B-95A1-40FEBFE64D33} = {45CE3169-7874-47B8-A622-13FEDF73FD9D}
		{DA74D12C-916C-43BD-A69F-F8AF19EC794C} = {8A5C1216-5920-45C2-AB83-98725CF229AC}
		{533D5A7B-2EAB-4B2B-8603-6EF8D92511CF} = {8A5C1216-5920-45C2-AB83-98725CF229AC}
		{E6BA5367-25A1-467D-BC22-50DE47C10A81} = {8A5C1216-5920-45C2-AB83-98725CF229AC}
	EndGlobalSection
EndGlobal
